
Microsoft Visual Studio Solution File, Format Version 12.00
# Visual Studio Version 17
VisualStudioVersion = 17.4.33213.308
MinimumVisualStudioVersion = 10.0.40219.1
Project("{FAE04EC0-301F-11D3-BF4B-00C04F79EFBC}") = "USBMonService", "USBMonService\USBMonService.csproj", "{87362950-93FF-4E6B-825F-6C9D43B0D4BD}"
EndProject
Global
	GlobalSection(SolutionConfigurationPlatforms) = preSolution
		Debug|Any CPU = Debug|Any CPU
		Release|Any CPU = Release|Any CPU
	EndGlobalSection
	GlobalSection(ProjectConfigurationPlatforms) = postSolution
		{87362950-93FF-4E6B-825F-6C9D43B0D4BD}.Debug|Any CPU.ActiveCfg = Debug|Any CPU
		{87362950-93FF-4E6B-825F-6C9D43B0D4BD}.Debug|Any CPU.Build.0 = Debug|Any CPU
		{87362950-93FF-4E6B-825F-6C9D43B0D4BD}.Release|Any CPU.ActiveCfg = Release|Any CPU
		{87362950-93FF-4E6B-825F-6C9D43B0D4BD}.Release|Any CPU.Build.0 = Release|Any CPU
	EndGlobalSection
	GlobalSection(SolutionProperties) = preSolution
		HideSolutionNode = FALSE
	EndGlobalSection
	GlobalSection(ExtensibilityGlobals) = postSolution
		SolutionGuid = {3E16B028-9E7E-46AA-A4F1-7CF1710886FC}
	EndGlobalSection
EndGlobal
